{
  "name": "trucker-expense-tracker-backend",
  "version": "1.0.0",
  "lockfileVersion": 3,
  "requires": true,
  "packages": {
    "": {
      "name": "trucker-expense-tracker-backend",
      "version": "1.0.0",
      "license": "ISC",
      "dependencies": {
        "@upstash/redis": "^1.31.6",
        "stripe": "^15.12.0"
      },
      "engines": {
        "node": "18.x"
      }
    },
    "node_modules/@upstash/redis": {
      "version": "1.31.6",
      "resolved": "https://registry.npmjs.org/@upstash/redis/-/redis-1.31.6.tgz",
      "integrity": "sha512-zW0hSoC2u1nE7sDPHYvj2sYtK2h6gQyFBnZ5A4fEounPj6F7mK4o1uAwx8YJedJRIY0TJxHwEaGupj2w2i4cMA==",
      "dependencies": {
        "@whatwg-node/fetch": "^0.9.14"
      }
    },
    "node_modules/@whatwg-node/fetch": {
      "version": "0.9.14",
      "resolved": "https://registry.npmjs.org/@whatwg-node/fetch/-/fetch-0.9.14.tgz",
      "integrity": "sha512-dD2iVFL2I8f2Bg24a6m3aXSoz2b/S2i4iVn4X/o2x3h3yq1pAl0f2nS3wttVdDWaO2+S4S2xGSDaA4iquaJg7g==",
      "engines": {
        "node": ">=16.8.0"
      }
    },
    "node_modules/stripe": {
      "version": "15.12.0",
      "resolved": "https://registry.npmjs.org/stripe/-/stripe-15.12.0.tgz",
      "integrity": "sha512-dDkP1VfNnFkFvA2S1i2IocC2YpI5YpYd23sA32u2l1s/bquf5Ua4Toz3BQuh22z2sPzMSi3dFvI40kS+Q5g/3w==",
      "dependencies": {
        "@types/node": ">=12.20.55"
      },
      "engines": {
        "node": ">=12"
      },
      "optionalDependencies": {
        "bufferutil": ">=4.0.1",
        "utf-8-validate": ">=5.0.2"
      }
    },
    "node_modules/stripe/node_modules/@types/node": {
      "version": "20.14.2",
      "resolved": "https://registry.npmjs.org/@types/node/-/node-20.14.2.tgz",
      "integrity": "sha512-xyu66S2D8o2tnn9g1PUNH2a2jYYe9sLg2/D3zSqyI4ts24z4HG9y/N2L5bWvAUb8eW2+x20E2+2p2Nq2UvR3sA==",
      "dependencies": {
        "undici-types": ">=5.26.4"
      }
    },
    "node_modules/stripe/node_modules/undici-types": {
      "version": "5.28.3",
      "resolved": "https://registry.npmjs.org/undici-types/-/undici-types-5.28.3.tgz",
      "integrity": "sha512-tCVY6H21Z0f5e+4sazE0Kz9rAfgpLi8QMl+1E3Y3K2f5/52/sI6Q2Yn3h3/+c34a2nssmQ1s2Yx2L6d5+4J0w=="
    }
  }
}
